
Microsoft Visual Studio Solution File, Format Version 10.00
# Visual Studio 2008
Project("{FAE04EC0-301F-11D3-BF4B-00C04F79EFBC}") = "LGNetWorkSystem", "LGNetWorkSystem\LGNetWorkSystem.csproj", "{DB752313-E4B7-4601-A2CE-99D46D885F85}"
EndProject
Global
	GlobalSection(SolutionConfigurationPlatforms) = preSolution
		Debug|Any CPU = Debug|Any CPU
		Release|Any CPU = Release|Any CPU
	EndGlobalSection
	GlobalSection(ProjectConfigurationPlatforms) = postSolution
		{DB752313-E4B7-4601-A2CE-99D46D885F85}.Debug|Any CPU.ActiveCfg = Debug|Any CPU
		{DB752313-E4B7-4601-A2CE-99D46D885F85}.Debug|Any CPU.Build.0 = Debug|Any CPU
		{DB752313-E4B7-4601-A2CE-99D46D885F85}.Release|Any CPU.ActiveCfg = Release|Any CPU
		{DB752313-E4B7-4601-A2CE-99D46D885F85}.Release|Any CPU.Build.0 = Release|Any CPU
	EndGlobalSection
	GlobalSection(SolutionProperties) = preSolution
		HideSolutionNode = FALSE
	EndGlobalSection
EndGlobal
